// !$*UTF8*$!
{
	archiveVersion = 1;
	classes = {
	};
	objectVersion = 55;
	objects = {

/* Begin PBXBuildFile section */
		1C0BBE7A2858EA93004C805B /* AppDelegate.swift in Sources */ = {isa = PBXBuildFile; fileRef = 1C0BBE792858EA93004C805B /* AppDelegate.swift */; };
		1C0BBE7C2858EA93004C805B /* SceneDelegate.swift in Sources */ = {isa = PBXBuildFile; fileRef = 1C0BBE7B2858EA93004C805B /* SceneDelegate.swift */; };
		1C0BBE7E2858EA93004C805B /* ViewController.swift in Sources */ = {isa = PBXBuildFile; fileRef = 1C0BBE7D2858EA93004C805B /* ViewController.swift */; };
		1C0BBE812858EA93004C805B /* Main.storyboard in Resources */ = {isa = PBXBuildFile; fileRef = 1C0BBE7F2858EA93004C805B /* Main.storyboard */; };
		1C0BBE842858EA93004C805B /* SDKIntegrationTest.xcdatamodeld in Sources */ = {isa = PBXBuildFile; fileRef = 1C0BBE822858EA93004C805B /* SDKIntegrationTest.xcdatamodeld */; };
		1C0BBE862858EA96004C805B /* Assets.xcassets in Resources */ = {isa = PBXBuildFile; fileRef = 1C0BBE852858EA96004C805B /* Assets.xcassets */; };
		1C0BBE892858EA96004C805B /* LaunchScreen.storyboard in Resources */ = {isa = PBXBuildFile; fileRef = 1C0BBE872858EA96004C805B /* LaunchScreen.storyboard */; };
		1C0BBE942858EA96004C805B /* SDKIntegrationTestTests.swift in Sources */ = {isa = PBXBuildFile; fileRef = 1C0BBE932858EA96004C805B /* SDKIntegrationTestTests.swift */; };
		1C0BBE9E2858EA96004C805B /* SDKIntegrationTestUITests.swift in Sources */ = {isa = PBXBuildFile; fileRef = 1C0BBE9D2858EA96004C805B /* SDKIntegrationTestUITests.swift */; };
		1C0BBEA02858EA96004C805B /* SDKIntegrationTestUITestsLaunchTests.swift in Sources */ = {isa = PBXBuildFile; fileRef = 1C0BBE9F2858EA96004C805B /* SDKIntegrationTestUITestsLaunchTests.swift */; };
		1C0BBED22859E7D1004C805B /* GoogleService-Info.plist in Resources */ = {isa = PBXBuildFile; fileRef = 1C0BBED12859E7D1004C805B /* GoogleService-Info.plist */; };
		1C0BBED5285A1295004C805B /* clevertap.html in Resources */ = {isa = PBXBuildFile; fileRef = 1C0BBED4285A1295004C805B /* clevertap.html */; };
		2C2D10EB3CABDF768F93E17D /* Pods_SDKIntegrationTest_SDKIntegrationTestUITests.framework in Frameworks */ = {isa = PBXBuildFile; fileRef = BFB16AC76C12646BBED1DB89 /* Pods_SDKIntegrationTest_SDKIntegrationTestUITests.framework */; };
		9DFBCA9747A48F942F668378 /* Pods_SDKIntegrationTest.framework in Frameworks */ = {isa = PBXBuildFile; fileRef = B24FDEE15CB61D80394B8BD8 /* Pods_SDKIntegrationTest.framework */; };
		F885C42B0919F27BC1CAC4A8 /* Pods_SDKIntegrationTestTests.framework in Frameworks */ = {isa = PBXBuildFile; fileRef = C982BA90F66A20CE2A267617 /* Pods_SDKIntegrationTestTests.framework */; };
/* End PBXBuildFile section */

/* Begin PBXContainerItemProxy section */
		1C0BBE902858EA96004C805B /* PBXContainerItemProxy */ = {
			isa = PBXContainerItemProxy;
			containerPortal = 1C0BBE6E2858EA93004C805B /* Project object */;
			proxyType = 1;
			remoteGlobalIDString = 1C0BBE752858EA93004C805B;
			remoteInfo = SDKIntegrationTest;
		};
		1C0BBE9A2858EA96004C805B /* PBXContainerItemProxy */ = {
			isa = PBXContainerItemProxy;
			containerPortal = 1C0BBE6E2858EA93004C805B /* Project object */;
			proxyType = 1;
			remoteGlobalIDString = 1C0BBE752858EA93004C805B;
			remoteInfo = SDKIntegrationTest;
		};
/* End PBXContainerItemProxy section */

/* Begin PBXFileReference section */
		1C0BBE762858EA93004C805B /* SDKIntegrationTest.app */ = {isa = PBXFileReference; explicitFileType = wrapper.application; includeInIndex = 0; path = SDKIntegrationTest.app; sourceTree = BUILT_PRODUCTS_DIR; };
		1C0BBE792858EA93004C805B /* AppDelegate.swift */ = {isa = PBXFileReference; lastKnownFileType = sourcecode.swift; path = AppDelegate.swift; sourceTree = "<group>"; };
		1C0BBE7B2858EA93004C805B /* SceneDelegate.swift */ = {isa = PBXFileReference; lastKnownFileType = sourcecode.swift; path = SceneDelegate.swift; sourceTree = "<group>"; };
		1C0BBE7D2858EA93004C805B /* ViewController.swift */ = {isa = PBXFileReference; lastKnownFileType = sourcecode.swift; path = ViewController.swift; sourceTree = "<group>"; };
		1C0BBE802858EA93004C805B /* Base */ = {isa = PBXFileReference; lastKnownFileType = file.storyboard; name = Base; path = Base.lproj/Main.storyboard; sourceTree = "<group>"; };
		1C0BBE832858EA93004C805B /* SDKIntegrationTest.xcdatamodel */ = {isa = PBXFileReference; lastKnownFileType = wrapper.xcdatamodel; path = SDKIntegrationTest.xcdatamodel; sourceTree = "<group>"; };
		1C0BBE852858EA96004C805B /* Assets.xcassets */ = {isa = PBXFileReference; lastKnownFileType = folder.assetcatalog; path = Assets.xcassets; sourceTree = "<group>"; };
		1C0BBE882858EA96004C805B /* Base */ = {isa = PBXFileReference; lastKnownFileType = file.storyboard; name = Base; path = Base.lproj/LaunchScreen.storyboard; sourceTree = "<group>"; };
		1C0BBE8A2858EA96004C805B /* Info.plist */ = {isa = PBXFileReference; lastKnownFileType = text.plist.xml; path = Info.plist; sourceTree = "<group>"; };
		1C0BBE8F2858EA96004C805B /* SDKIntegrationTestTests.xctest */ = {isa = PBXFileReference; explicitFileType = wrapper.cfbundle; includeInIndex = 0; path = SDKIntegrationTestTests.xctest; sourceTree = BUILT_PRODUCTS_DIR; };
		1C0BBE932858EA96004C805B /* SDKIntegrationTestTests.swift */ = {isa = PBXFileReference; lastKnownFileType = sourcecode.swift; path = SDKIntegrationTestTests.swift; sourceTree = "<group>"; };
		1C0BBE992858EA96004C805B /* SDKIntegrationTestUITests.xctest */ = {isa = PBXFileReference; explicitFileType = wrapper.cfbundle; includeInIndex = 0; path = SDKIntegrationTestUITests.xctest; sourceTree = BUILT_PRODUCTS_DIR; };
		1C0BBE9D2858EA96004C805B /* SDKIntegrationTestUITests.swift */ = {isa = PBXFileReference; lastKnownFileType = sourcecode.swift; path = SDKIntegrationTestUITests.swift; sourceTree = "<group>"; };
		1C0BBE9F2858EA96004C805B /* SDKIntegrationTestUITestsLaunchTests.swift */ = {isa = PBXFileReference; lastKnownFileType = sourcecode.swift; path = SDKIntegrationTestUITestsLaunchTests.swift; sourceTree = "<group>"; };
		1C0BBED12859E7D1004C805B /* GoogleService-Info.plist */ = {isa = PBXFileReference; fileEncoding = 4; lastKnownFileType = text.plist.xml; path = "GoogleService-Info.plist"; sourceTree = "<group>"; };
		1C0BBED32859EC78004C805B /* SDKIntegrationTestDebug.entitlements */ = {isa = PBXFileReference; lastKnownFileType = text.plist.entitlements; path = SDKIntegrationTestDebug.entitlements; sourceTree = "<group>"; };
		1C0BBED4285A1295004C805B /* clevertap.html */ = {isa = PBXFileReference; fileEncoding = 4; lastKnownFileType = text.html; path = clevertap.html; sourceTree = "<group>"; };
		3CFC5A047CBCC13F08C99599 /* Pods-SDKIntegrationTest.release.xcconfig */ = {isa = PBXFileReference; includeInIndex = 1; lastKnownFileType = text.xcconfig; name = "Pods-SDKIntegrationTest.release.xcconfig"; path = "Target Support Files/Pods-SDKIntegrationTest/Pods-SDKIntegrationTest.release.xcconfig"; sourceTree = "<group>"; };
		3D0BD42F8FB5D6D24BBC85E3 /* Pods-SDKIntegrationTest-SDKIntegrationTestUITests.debug.xcconfig */ = {isa = PBXFileReference; includeInIndex = 1; lastKnownFileType = text.xcconfig; name = "Pods-SDKIntegrationTest-SDKIntegrationTestUITests.debug.xcconfig"; path = "Target Support Files/Pods-SDKIntegrationTest-SDKIntegrationTestUITests/Pods-SDKIntegrationTest-SDKIntegrationTestUITests.debug.xcconfig"; sourceTree = "<group>"; };
		647E8289B364BE4E68A05243 /* Pods-SDKIntegrationTestTests.release.xcconfig */ = {isa = PBXFileReference; includeInIndex = 1; lastKnownFileType = text.xcconfig; name = "Pods-SDKIntegrationTestTests.release.xcconfig"; path = "Target Support Files/Pods-SDKIntegrationTestTests/Pods-SDKIntegrationTestTests.release.xcconfig"; sourceTree = "<group>"; };
		7D663A472B720CB974F045DC /* Pods-SDKIntegrationTestTests.debug.xcconfig */ = {isa = PBXFileReference; includeInIndex = 1; lastKnownFileType = text.xcconfig; name = "Pods-SDKIntegrationTestTests.debug.xcconfig"; path = "Target Support Files/Pods-SDKIntegrationTestTests/Pods-SDKIntegrationTestTests.debug.xcconfig"; sourceTree = "<group>"; };
		9089CF96E540CABE563EE924 /* Pods-SDKIntegrationTest-SDKIntegrationTestUITests.release.xcconfig */ = {isa = PBXFileReference; includeInIndex = 1; lastKnownFileType = text.xcconfig; name = "Pods-SDKIntegrationTest-SDKIntegrationTestUITests.release.xcconfig"; path = "Target Support Files/Pods-SDKIntegrationTest-SDKIntegrationTestUITests/Pods-SDKIntegrationTest-SDKIntegrationTestUITests.release.xcconfig"; sourceTree = "<group>"; };
		96EF3FBC5C84C559CD22BDB3 /* Pods-SDKIntegrationTest.debug.xcconfig */ = {isa = PBXFileReference; includeInIndex = 1; lastKnownFileType = text.xcconfig; name = "Pods-SDKIntegrationTest.debug.xcconfig"; path = "Target Support Files/Pods-SDKIntegrationTest/Pods-SDKIntegrationTest.debug.xcconfig"; sourceTree = "<group>"; };
		B24FDEE15CB61D80394B8BD8 /* Pods_SDKIntegrationTest.framework */ = {isa = PBXFileReference; explicitFileType = wrapper.framework; includeInIndex = 0; path = Pods_SDKIntegrationTest.framework; sourceTree = BUILT_PRODUCTS_DIR; };
		BFB16AC76C12646BBED1DB89 /* Pods_SDKIntegrationTest_SDKIntegrationTestUITests.framework */ = {isa = PBXFileReference; explicitFileType = wrapper.framework; includeInIndex = 0; path = Pods_SDKIntegrationTest_SDKIntegrationTestUITests.framework; sourceTree = BUILT_PRODUCTS_DIR; };
		C982BA90F66A20CE2A267617 /* Pods_SDKIntegrationTestTests.framework */ = {isa = PBXFileReference; explicitFileType = wrapper.framework; includeInIndex = 0; path = Pods_SDKIntegrationTestTests.framework; sourceTree = BUILT_PRODUCTS_DIR; };
/* End PBXFileReference section */

/* Begin PBXFrameworksBuildPhase section */
		1C0BBE732858EA93004C805B /* Frameworks */ = {
			isa = PBXFrameworksBuildPhase;
			buildActionMask = 2147483647;
			files = (
				9DFBCA9747A48F942F668378 /* Pods_SDKIntegrationTest.framework in Frameworks */,
			);
			runOnlyForDeploymentPostprocessing = 0;
		};
		1C0BBE8C2858EA96004C805B /* Frameworks */ = {
			isa = PBXFrameworksBuildPhase;
			buildActionMask = 2147483647;
			files = (
				F885C42B0919F27BC1CAC4A8 /* Pods_SDKIntegrationTestTests.framework in Frameworks */,
			);
			runOnlyForDeploymentPostprocessing = 0;
		};
		1C0BBE962858EA96004C805B /* Frameworks */ = {
			isa = PBXFrameworksBuildPhase;
			buildActionMask = 2147483647;
			files = (
				2C2D10EB3CABDF768F93E17D /* Pods_SDKIntegrationTest_SDKIntegrationTestUITests.framework in Frameworks */,
			);
			runOnlyForDeploymentPostprocessing = 0;
		};
/* End PBXFrameworksBuildPhase section */

/* Begin PBXGroup section */
		0369466A9BADE14060DAB558 /* Frameworks */ = {
			isa = PBXGroup;
			children = (
				B24FDEE15CB61D80394B8BD8 /* Pods_SDKIntegrationTest.framework */,
				BFB16AC76C12646BBED1DB89 /* Pods_SDKIntegrationTest_SDKIntegrationTestUITests.framework */,
				C982BA90F66A20CE2A267617 /* Pods_SDKIntegrationTestTests.framework */,
			);
			name = Frameworks;
			sourceTree = "<group>";
		};
		1C0BBE6D2858EA93004C805B = {
			isa = PBXGroup;
			children = (
				1C0BBE782858EA93004C805B /* SDKIntegrationTest */,
				1C0BBE922858EA96004C805B /* SDKIntegrationTestTests */,
				1C0BBE9C2858EA96004C805B /* SDKIntegrationTestUITests */,
				1C0BBE772858EA93004C805B /* Products */,
				519164036B9F23BF3F0A0586 /* Pods */,
				0369466A9BADE14060DAB558 /* Frameworks */,
			);
			sourceTree = "<group>";
		};
		1C0BBE772858EA93004C805B /* Products */ = {
			isa = PBXGroup;
			children = (
				1C0BBE762858EA93004C805B /* SDKIntegrationTest.app */,
				1C0BBE8F2858EA96004C805B /* SDKIntegrationTestTests.xctest */,
				1C0BBE992858EA96004C805B /* SDKIntegrationTestUITests.xctest */,
			);
			name = Products;
			sourceTree = "<group>";
		};
		1C0BBE782858EA93004C805B /* SDKIntegrationTest */ = {
			isa = PBXGroup;
			children = (
				1C0BBED4285A1295004C805B /* clevertap.html */,
				1C0BBED32859EC78004C805B /* SDKIntegrationTestDebug.entitlements */,
				1C0BBE792858EA93004C805B /* AppDelegate.swift */,
				1C0BBE7B2858EA93004C805B /* SceneDelegate.swift */,
				1C0BBE7D2858EA93004C805B /* ViewController.swift */,
				1C0BBE7F2858EA93004C805B /* Main.storyboard */,
				1C0BBE852858EA96004C805B /* Assets.xcassets */,
				1C0BBE872858EA96004C805B /* LaunchScreen.storyboard */,
				1C0BBE8A2858EA96004C805B /* Info.plist */,
				1C0BBED12859E7D1004C805B /* GoogleService-Info.plist */,
				1C0BBE822858EA93004C805B /* SDKIntegrationTest.xcdatamodeld */,
			);
			path = SDKIntegrationTest;
			sourceTree = "<group>";
		};
		1C0BBE922858EA96004C805B /* SDKIntegrationTestTests */ = {
			isa = PBXGroup;
			children = (
				1C0BBE932858EA96004C805B /* SDKIntegrationTestTests.swift */,
			);
			path = SDKIntegrationTestTests;
			sourceTree = "<group>";
		};
		1C0BBE9C2858EA96004C805B /* SDKIntegrationTestUITests */ = {
			isa = PBXGroup;
			children = (
				1C0BBE9D2858EA96004C805B /* SDKIntegrationTestUITests.swift */,
				1C0BBE9F2858EA96004C805B /* SDKIntegrationTestUITestsLaunchTests.swift */,
			);
			path = SDKIntegrationTestUITests;
			sourceTree = "<group>";
		};
		519164036B9F23BF3F0A0586 /* Pods */ = {
			isa = PBXGroup;
			children = (
				96EF3FBC5C84C559CD22BDB3 /* Pods-SDKIntegrationTest.debug.xcconfig */,
				3CFC5A047CBCC13F08C99599 /* Pods-SDKIntegrationTest.release.xcconfig */,
				3D0BD42F8FB5D6D24BBC85E3 /* Pods-SDKIntegrationTest-SDKIntegrationTestUITests.debug.xcconfig */,
				9089CF96E540CABE563EE924 /* Pods-SDKIntegrationTest-SDKIntegrationTestUITests.release.xcconfig */,
				7D663A472B720CB974F045DC /* Pods-SDKIntegrationTestTests.debug.xcconfig */,
				647E8289B364BE4E68A05243 /* Pods-SDKIntegrationTestTests.release.xcconfig */,
			);
			path = Pods;
			sourceTree = "<group>";
		};
/* End PBXGroup section */

/* Begin PBXNativeTarget section */
		1C0BBE752858EA93004C805B /* SDKIntegrationTest */ = {
			isa = PBXNativeTarget;
			buildConfigurationList = 1C0BBEA32858EA96004C805B /* Build configuration list for PBXNativeTarget "SDKIntegrationTest" */;
			buildPhases = (
				B59BB9524A140D0D1A7C335C /* [CP] Check Pods Manifest.lock */,
				1C0BBE722858EA93004C805B /* Sources */,
				1C0BBE732858EA93004C805B /* Frameworks */,
				1C0BBE742858EA93004C805B /* Resources */,
				BD8D3EE981690CB59E293D89 /* [CP] Embed Pods Frameworks */,
			);
			buildRules = (
			);
			dependencies = (
			);
			name = SDKIntegrationTest;
			productName = SDKIntegrationTest;
			productReference = 1C0BBE762858EA93004C805B /* SDKIntegrationTest.app */;
			productType = "com.apple.product-type.application";
		};
		1C0BBE8E2858EA96004C805B /* SDKIntegrationTestTests */ = {
			isa = PBXNativeTarget;
			buildConfigurationList = 1C0BBEA62858EA96004C805B /* Build configuration list for PBXNativeTarget "SDKIntegrationTestTests" */;
			buildPhases = (
				A5D1A193B2030D40410BFD3C /* [CP] Check Pods Manifest.lock */,
				1C0BBE8B2858EA96004C805B /* Sources */,
				1C0BBE8C2858EA96004C805B /* Frameworks */,
				1C0BBE8D2858EA96004C805B /* Resources */,
			);
			buildRules = (
			);
			dependencies = (
				1C0BBE912858EA96004C805B /* PBXTargetDependency */,
			);
			name = SDKIntegrationTestTests;
			productName = SDKIntegrationTestTests;
			productReference = 1C0BBE8F2858EA96004C805B /* SDKIntegrationTestTests.xctest */;
			productType = "com.apple.product-type.bundle.unit-test";
		};
		1C0BBE982858EA96004C805B /* SDKIntegrationTestUITests */ = {
			isa = PBXNativeTarget;
			buildConfigurationList = 1C0BBEA92858EA96004C805B /* Build configuration list for PBXNativeTarget "SDKIntegrationTestUITests" */;
			buildPhases = (
				F950528C676D96B8D764063A /* [CP] Check Pods Manifest.lock */,
				1C0BBE952858EA96004C805B /* Sources */,
				1C0BBE962858EA96004C805B /* Frameworks */,
				1C0BBE972858EA96004C805B /* Resources */,
				78F3877405F970843579115C /* [CP] Embed Pods Frameworks */,
			);
			buildRules = (
			);
			dependencies = (
				1C0BBE9B2858EA96004C805B /* PBXTargetDependency */,
			);
			name = SDKIntegrationTestUITests;
			productName = SDKIntegrationTestUITests;
			productReference = 1C0BBE992858EA96004C805B /* SDKIntegrationTestUITests.xctest */;
			productType = "com.apple.product-type.bundle.ui-testing";
		};
/* End PBXNativeTarget section */

/* Begin PBXProject section */
		1C0BBE6E2858EA93004C805B /* Project object */ = {
			isa = PBXProject;
			attributes = {
				BuildIndependentTargetsInParallel = 1;
				LastSwiftUpdateCheck = 1330;
				LastUpgradeCheck = 1330;
				TargetAttributes = {
					1C0BBE752858EA93004C805B = {
						CreatedOnToolsVersion = 13.3.1;
					};
					1C0BBE8E2858EA96004C805B = {
						CreatedOnToolsVersion = 13.3.1;
						TestTargetID = 1C0BBE752858EA93004C805B;
					};
					1C0BBE982858EA96004C805B = {
						CreatedOnToolsVersion = 13.3.1;
						TestTargetID = 1C0BBE752858EA93004C805B;
					};
				};
			};
			buildConfigurationList = 1C0BBE712858EA93004C805B /* Build configuration list for PBXProject "SDKIntegrationTest" */;
			compatibilityVersion = "Xcode 13.0";
			developmentRegion = en;
			hasScannedForEncodings = 0;
			knownRegions = (
				en,
				Base,
			);
			mainGroup = 1C0BBE6D2858EA93004C805B;
			productRefGroup = 1C0BBE772858EA93004C805B /* Products */;
			projectDirPath = "";
			projectRoot = "";
			targets = (
				1C0BBE752858EA93004C805B /* SDKIntegrationTest */,
				1C0BBE8E2858EA96004C805B /* SDKIntegrationTestTests */,
				1C0BBE982858EA96004C805B /* SDKIntegrationTestUITests */,
			);
		};
/* End PBXProject section */

/* Begin PBXResourcesBuildPhase section */
		1C0BBE742858EA93004C805B /* Resources */ = {
			isa = PBXResourcesBuildPhase;
			buildActionMask = 2147483647;
			files = (
				1C0BBE892858EA96004C805B /* LaunchScreen.storyboard in Resources */,
				1C0BBED22859E7D1004C805B /* GoogleService-Info.plist in Resources */,
				1C0BBE862858EA96004C805B /* Assets.xcassets in Resources */,
				1C0BBED5285A1295004C805B /* clevertap.html in Resources */,
				1C0BBE812858EA93004C805B /* Main.storyboard in Resources */,
			);
			runOnlyForDeploymentPostprocessing = 0;
		};
		1C0BBE8D2858EA96004C805B /* Resources */ = {
			isa = PBXResourcesBuildPhase;
			buildActionMask = 2147483647;
			files = (
			);
			runOnlyForDeploymentPostprocessing = 0;
		};
		1C0BBE972858EA96004C805B /* Resources */ = {
			isa = PBXResourcesBuildPhase;
			buildActionMask = 2147483647;
			files = (
			);
			runOnlyForDeploymentPostprocessing = 0;
		};
/* End PBXResourcesBuildPhase section */

/* Begin PBXShellScriptBuildPhase section */
		78F3877405F970843579115C /* [CP] Embed Pods Frameworks */ = {
			isa = PBXShellScriptBuildPhase;
			buildActionMask = 2147483647;
			files = (
			);
			inputFileListPaths = (
				"${PODS_ROOT}/Target Support Files/Pods-SDKIntegrationTest-SDKIntegrationTestUITests/Pods-SDKIntegrationTest-SDKIntegrationTestUITests-frameworks-${CONFIGURATION}-input-files.xcfilelist",
			);
			name = "[CP] Embed Pods Frameworks";
			outputFileListPaths = (
				"${PODS_ROOT}/Target Support Files/Pods-SDKIntegrationTest-SDKIntegrationTestUITests/Pods-SDKIntegrationTest-SDKIntegrationTestUITests-frameworks-${CONFIGURATION}-output-files.xcfilelist",
			);
			runOnlyForDeploymentPostprocessing = 0;
			shellPath = /bin/sh;
			shellScript = "\"${PODS_ROOT}/Target Support Files/Pods-SDKIntegrationTest-SDKIntegrationTestUITests/Pods-SDKIntegrationTest-SDKIntegrationTestUITests-frameworks.sh\"\n";
			showEnvVarsInLog = 0;
		};
		A5D1A193B2030D40410BFD3C /* [CP] Check Pods Manifest.lock */ = {
			isa = PBXShellScriptBuildPhase;
			buildActionMask = 2147483647;
			files = (
			);
			inputFileListPaths = (
			);
			inputPaths = (
				"${PODS_PODFILE_DIR_PATH}/Podfile.lock",
				"${PODS_ROOT}/Manifest.lock",
			);
			name = "[CP] Check Pods Manifest.lock";
			outputFileListPaths = (
			);
			outputPaths = (
				"$(DERIVED_FILE_DIR)/Pods-SDKIntegrationTestTests-checkManifestLockResult.txt",
			);
			runOnlyForDeploymentPostprocessing = 0;
			shellPath = /bin/sh;
			shellScript = "diff \"${PODS_PODFILE_DIR_PATH}/Podfile.lock\" \"${PODS_ROOT}/Manifest.lock\" > /dev/null\nif [ $? != 0 ] ; then\n    # print error to STDERR\n    echo \"error: The sandbox is not in sync with the Podfile.lock. Run 'pod install' or update your CocoaPods installation.\" >&2\n    exit 1\nfi\n# This output is used by Xcode 'outputs' to avoid re-running this script phase.\necho \"SUCCESS\" > \"${SCRIPT_OUTPUT_FILE_0}\"\n";
			showEnvVarsInLog = 0;
		};
		B59BB9524A140D0D1A7C335C /* [CP] Check Pods Manifest.lock */ = {
			isa = PBXShellScriptBuildPhase;
			buildActionMask = 2147483647;
			files = (
			);
			inputFileListPaths = (
			);
			inputPaths = (
				"${PODS_PODFILE_DIR_PATH}/Podfile.lock",
				"${PODS_ROOT}/Manifest.lock",
			);
			name = "[CP] Check Pods Manifest.lock";
			outputFileListPaths = (
			);
			outputPaths = (
				"$(DERIVED_FILE_DIR)/Pods-SDKIntegrationTest-checkManifestLockResult.txt",
			);
			runOnlyForDeploymentPostprocessing = 0;
			shellPath = /bin/sh;
			shellScript = "diff \"${PODS_PODFILE_DIR_PATH}/Podfile.lock\" \"${PODS_ROOT}/Manifest.lock\" > /dev/null\nif [ $? != 0 ] ; then\n    # print error to STDERR\n    echo \"error: The sandbox is not in sync with the Podfile.lock. Run 'pod install' or update your CocoaPods installation.\" >&2\n    exit 1\nfi\n# This output is used by Xcode 'outputs' to avoid re-running this script phase.\necho \"SUCCESS\" > \"${SCRIPT_OUTPUT_FILE_0}\"\n";
			showEnvVarsInLog = 0;
		};
		BD8D3EE981690CB59E293D89 /* [CP] Embed Pods Frameworks */ = {
			isa = PBXShellScriptBuildPhase;
			buildActionMask = 2147483647;
			files = (
			);
			inputFileListPaths = (
				"${PODS_ROOT}/Target Support Files/Pods-SDKIntegrationTest/Pods-SDKIntegrationTest-frameworks-${CONFIGURATION}-input-files.xcfilelist",
			);
			name = "[CP] Embed Pods Frameworks";
			outputFileListPaths = (
				"${PODS_ROOT}/Target Support Files/Pods-SDKIntegrationTest/Pods-SDKIntegrationTest-frameworks-${CONFIGURATION}-output-files.xcfilelist",
			);
			runOnlyForDeploymentPostprocessing = 0;
			shellPath = /bin/sh;
			shellScript = "\"${PODS_ROOT}/Target Support Files/Pods-SDKIntegrationTest/Pods-SDKIntegrationTest-frameworks.sh\"\n";
			showEnvVarsInLog = 0;
		};
		F950528C676D96B8D764063A /* [CP] Check Pods Manifest.lock */ = {
			isa = PBXShellScriptBuildPhase;
			buildActionMask = 2147483647;
			files = (
			);
			inputFileListPaths = (
			);
			inputPaths = (
				"${PODS_PODFILE_DIR_PATH}/Podfile.lock",
				"${PODS_ROOT}/Manifest.lock",
			);
			name = "[CP] Check Pods Manifest.lock";
			outputFileListPaths = (
			);
			outputPaths = (
				"$(DERIVED_FILE_DIR)/Pods-SDKIntegrationTest-SDKIntegrationTestUITests-checkManifestLockResult.txt",
			);
			runOnlyForDeploymentPostprocessing = 0;
			shellPath = /bin/sh;
			shellScript = "diff \"${PODS_PODFILE_DIR_PATH}/Podfile.lock\" \"${PODS_ROOT}/Manifest.lock\" > /dev/null\nif [ $? != 0 ] ; then\n    # print error to STDERR\n    echo \"error: The sandbox is not in sync with the Podfile.lock. Run 'pod install' or update your CocoaPods installation.\" >&2\n    exit 1\nfi\n# This output is used by Xcode 'outputs' to avoid re-running this script phase.\necho \"SUCCESS\" > \"${SCRIPT_OUTPUT_FILE_0}\"\n";
			showEnvVarsInLog = 0;
		};
/* End PBXShellScriptBuildPhase section */

/* Begin PBXSourcesBuildPhase section */
		1C0BBE722858EA93004C805B /* Sources */ = {
			isa = PBXSourcesBuildPhase;
			buildActionMask = 2147483647;
			files = (
				1C0BBE7E2858EA93004C805B /* ViewController.swift in Sources */,
				1C0BBE842858EA93004C805B /* SDKIntegrationTest.xcdatamodeld in Sources */,
				1C0BBE7A2858EA93004C805B /* AppDelegate.swift in Sources */,
				1C0BBE7C2858EA93004C805B /* SceneDelegate.swift in Sources */,
			);
			runOnlyForDeploymentPostprocessing = 0;
		};
		1C0BBE8B2858EA96004C805B /* Sources */ = {
			isa = PBXSourcesBuildPhase;
			buildActionMask = 2147483647;
			files = (
				1C0BBE942858EA96004C805B /* SDKIntegrationTestTests.swift in Sources */,
			);
			runOnlyForDeploymentPostprocessing = 0;
		};
		1C0BBE952858EA96004C805B /* Sources */ = {
			isa = PBXSourcesBuildPhase;
			buildActionMask = 2147483647;
			files = (
				1C0BBEA02858EA96004C805B /* SDKIntegrationTestUITestsLaunchTests.swift in Sources */,
				1C0BBE9E2858EA96004C805B /* SDKIntegrationTestUITests.swift in Sources */,
			);
			runOnlyForDeploymentPostprocessing = 0;
		};
/* End PBXSourcesBuildPhase section */

/* Begin PBXTargetDependency section */
		1C0BBE912858EA96004C805B /* PBXTargetDependency */ = {
			isa = PBXTargetDependency;
			target = 1C0BBE752858EA93004C805B /* SDKIntegrationTest */;
			targetProxy = 1C0BBE902858EA96004C805B /* PBXContainerItemProxy */;
		};
		1C0BBE9B2858EA96004C805B /* PBXTargetDependency */ = {
			isa = PBXTargetDependency;
			target = 1C0BBE752858EA93004C805B /* SDKIntegrationTest */;
			targetProxy = 1C0BBE9A2858EA96004C805B /* PBXContainerItemProxy */;
		};
/* End PBXTargetDependency section */

/* Begin PBXVariantGroup section */
		1C0BBE7F2858EA93004C805B /* Main.storyboard */ = {
			isa = PBXVariantGroup;
			children = (
				1C0BBE802858EA93004C805B /* Base */,
			);
			name = Main.storyboard;
			sourceTree = "<group>";
		};
		1C0BBE872858EA96004C805B /* LaunchScreen.storyboard */ = {
			isa = PBXVariantGroup;
			children = (
				1C0BBE882858EA96004C805B /* Base */,
			);
			name = LaunchScreen.storyboard;
			sourceTree = "<group>";
		};
/* End PBXVariantGroup section */

/* Begin XCBuildConfiguration section */
		1C0BBEA12858EA96004C805B /* Debug */ = {
			isa = XCBuildConfiguration;
			buildSettings = {
				ALWAYS_SEARCH_USER_PATHS = NO;
				CLANG_ANALYZER_NONNULL = YES;
				CLANG_ANALYZER_NUMBER_OBJECT_CONVERSION = YES_AGGRESSIVE;
				CLANG_CXX_LANGUAGE_STANDARD = "gnu++17";
				CLANG_ENABLE_MODULES = YES;
				CLANG_ENABLE_OBJC_ARC = YES;
				CLANG_ENABLE_OBJC_WEAK = YES;
				CLANG_WARN_BLOCK_CAPTURE_AUTORELEASING = YES;
				CLANG_WARN_BOOL_CONVERSION = YES;
				CLANG_WARN_COMMA = YES;
				CLANG_WARN_CONSTANT_CONVERSION = YES;
				CLANG_WARN_DEPRECATED_OBJC_IMPLEMENTATIONS = YES;
				CLANG_WARN_DIRECT_OBJC_ISA_USAGE = YES_ERROR;
				CLANG_WARN_DOCUMENTATION_COMMENTS = YES;
				CLANG_WARN_EMPTY_BODY = YES;
				CLANG_WARN_ENUM_CONVERSION = YES;
				CLANG_WARN_INFINITE_RECURSION = YES;
				CLANG_WARN_INT_CONVERSION = YES;
				CLANG_WARN_NON_LITERAL_NULL_CONVERSION = YES;
				CLANG_WARN_OBJC_IMPLICIT_RETAIN_SELF = YES;
				CLANG_WARN_OBJC_LITERAL_CONVERSION = YES;
				CLANG_WARN_OBJC_ROOT_CLASS = YES_ERROR;
				CLANG_WARN_QUOTED_INCLUDE_IN_FRAMEWORK_HEADER = YES;
				CLANG_WARN_RANGE_LOOP_ANALYSIS = YES;
				CLANG_WARN_STRICT_PROTOTYPES = YES;
				CLANG_WARN_SUSPICIOUS_MOVE = YES;
				CLANG_WARN_UNGUARDED_AVAILABILITY = YES_AGGRESSIVE;
				CLANG_WARN_UNREACHABLE_CODE = YES;
				CLANG_WARN__DUPLICATE_METHOD_MATCH = YES;
				COPY_PHASE_STRIP = NO;
				DEBUG_INFORMATION_FORMAT = dwarf;
				ENABLE_STRICT_OBJC_MSGSEND = YES;
				ENABLE_TESTABILITY = YES;
				GCC_C_LANGUAGE_STANDARD = gnu11;
				GCC_DYNAMIC_NO_PIC = NO;
				GCC_NO_COMMON_BLOCKS = YES;
				GCC_OPTIMIZATION_LEVEL = 0;
				GCC_PREPROCESSOR_DEFINITIONS = (
					"DEBUG=1",
					"$(inherited)",
				);
				GCC_WARN_64_TO_32_BIT_CONVERSION = YES;
				GCC_WARN_ABOUT_RETURN_TYPE = YES_ERROR;
				GCC_WARN_UNDECLARED_SELECTOR = YES;
				GCC_WARN_UNINITIALIZED_AUTOS = YES_AGGRESSIVE;
				GCC_WARN_UNUSED_FUNCTION = YES;
				GCC_WARN_UNUSED_VARIABLE = YES;
				IPHONEOS_DEPLOYMENT_TARGET = 15.4;
				MTL_ENABLE_DEBUG_INFO = INCLUDE_SOURCE;
				MTL_FAST_MATH = YES;
				ONLY_ACTIVE_ARCH = YES;
				SDKROOT = iphoneos;
				SWIFT_ACTIVE_COMPILATION_CONDITIONS = DEBUG;
				SWIFT_OPTIMIZATION_LEVEL = "-Onone";
			};
			name = Debug;
		};
		1C0BBEA22858EA96004C805B /* Release */ = {
			isa = XCBuildConfiguration;
			buildSettings = {
				ALWAYS_SEARCH_USER_PATHS = NO;
				CLANG_ANALYZER_NONNULL = YES;
				CLANG_ANALYZER_NUMBER_OBJECT_CONVERSION = YES_AGGRESSIVE;
				CLANG_CXX_LANGUAGE_STANDARD = "gnu++17";
				CLANG_ENABLE_MODULES = YES;
				CLANG_ENABLE_OBJC_ARC = YES;
				CLANG_ENABLE_OBJC_WEAK = YES;
				CLANG_WARN_BLOCK_CAPTURE_AUTORELEASING = YES;
				CLANG_WARN_BOOL_CONVERSION = YES;
				CLANG_WARN_COMMA = YES;
				CLANG_WARN_CONSTANT_CONVERSION = YES;
				CLANG_WARN_DEPRECATED_OBJC_IMPLEMENTATIONS = YES;
				CLANG_WARN_DIRECT_OBJC_ISA_USAGE = YES_ERROR;
				CLANG_WARN_DOCUMENTATION_COMMENTS = YES;
				CLANG_WARN_EMPTY_BODY = YES;
				CLANG_WARN_ENUM_CONVERSION = YES;
				CLANG_WARN_INFINITE_RECURSION = YES;
				CLANG_WARN_INT_CONVERSION = YES;
				CLANG_WARN_NON_LITERAL_NULL_CONVERSION = YES;
				CLANG_WARN_OBJC_IMPLICIT_RETAIN_SELF = YES;
				CLANG_WARN_OBJC_LITERAL_CONVERSION = YES;
				CLANG_WARN_OBJC_ROOT_CLASS = YES_ERROR;
				CLANG_WARN_QUOTED_INCLUDE_IN_FRAMEWORK_HEADER = YES;
				CLANG_WARN_RANGE_LOOP_ANALYSIS = YES;
				CLANG_WARN_STRICT_PROTOTYPES = YES;
				CLANG_WARN_SUSPICIOUS_MOVE = YES;
				CLANG_WARN_UNGUARDED_AVAILABILITY = YES_AGGRESSIVE;
				CLANG_WARN_UNREACHABLE_CODE = YES;
				CLANG_WARN__DUPLICATE_METHOD_MATCH = YES;
				COPY_PHASE_STRIP = NO;
				DEBUG_INFORMATION_FORMAT = "dwarf-with-dsym";
				ENABLE_NS_ASSERTIONS = NO;
				ENABLE_STRICT_OBJC_MSGSEND = YES;
				GCC_C_LANGUAGE_STANDARD = gnu11;
				GCC_NO_COMMON_BLOCKS = YES;
				GCC_WARN_64_TO_32_BIT_CONVERSION = YES;
				GCC_WARN_ABOUT_RETURN_TYPE = YES_ERROR;
				GCC_WARN_UNDECLARED_SELECTOR = YES;
				GCC_WARN_UNINITIALIZED_AUTOS = YES_AGGRESSIVE;
				GCC_WARN_UNUSED_FUNCTION = YES;
				GCC_WARN_UNUSED_VARIABLE = YES;
				IPHONEOS_DEPLOYMENT_TARGET = 15.4;
				MTL_ENABLE_DEBUG_INFO = NO;
				MTL_FAST_MATH = YES;
				SDKROOT = iphoneos;
				SWIFT_COMPILATION_MODE = wholemodule;
				SWIFT_OPTIMIZATION_LEVEL = "-O";
				VALIDATE_PRODUCT = YES;
			};
			name = Release;
		};
		1C0BBEA42858EA96004C805B /* Debug */ = {
			isa = XCBuildConfiguration;
			baseConfigurationReference = 96EF3FBC5C84C559CD22BDB3 /* Pods-SDKIntegrationTest.debug.xcconfig */;
			buildSettings = {
				ASSETCATALOG_COMPILER_APPICON_NAME = AppIcon;
				ASSETCATALOG_COMPILER_GLOBAL_ACCENT_COLOR_NAME = AccentColor;
				CODE_SIGN_ENTITLEMENTS = SDKIntegrationTest/SDKIntegrationTestDebug.entitlements;
				CODE_SIGN_IDENTITY = "iPhone Developer";
				CODE_SIGN_STYLE = Manual;
				CURRENT_PROJECT_VERSION = 1;
				DEVELOPMENT_TEAM = ZN75HV5A8E;
				GENERATE_INFOPLIST_FILE = YES;
				INFOPLIST_FILE = SDKIntegrationTest/Info.plist;
				INFOPLIST_KEY_UIApplicationSupportsIndirectInputEvents = YES;
				INFOPLIST_KEY_UILaunchStoryboardName = LaunchScreen;
				INFOPLIST_KEY_UIMainStoryboardFile = Main;
				INFOPLIST_KEY_UISupportedInterfaceOrientations_iPad = "UIInterfaceOrientationPortrait UIInterfaceOrientationPortraitUpsideDown UIInterfaceOrientationLandscapeLeft UIInterfaceOrientationLandscapeRight";
				INFOPLIST_KEY_UISupportedInterfaceOrientations_iPhone = "UIInterfaceOrientationPortrait UIInterfaceOrientationLandscapeLeft UIInterfaceOrientationLandscapeRight";
				LD_RUNPATH_SEARCH_PATHS = (
					"$(inherited)",
					"@executable_path/Frameworks",
				);
				MARKETING_VERSION = 1.0;
				PRODUCT_BUNDLE_IDENTIFIER = com.sg.R79A.mukul;
				PRODUCT_NAME = "$(TARGET_NAME)";
				PROVISIONING_PROFILE_SPECIFIER = "DevPPe R79A Mukul";
				SWIFT_EMIT_LOC_STRINGS = YES;
				SWIFT_VERSION = 5.0;
				TARGETED_DEVICE_FAMILY = "1,2";
			};
			name = Debug;
		};
		1C0BBEA52858EA96004C805B /* Release */ = {
			isa = XCBuildConfiguration;
			baseConfigurationReference = 3CFC5A047CBCC13F08C99599 /* Pods-SDKIntegrationTest.release.xcconfig */;
			buildSettings = {
				ASSETCATALOG_COMPILER_APPICON_NAME = AppIcon;
				ASSETCATALOG_COMPILER_GLOBAL_ACCENT_COLOR_NAME = AccentColor;
				CODE_SIGN_STYLE = Automatic;
				CURRENT_PROJECT_VERSION = 1;
				DEVELOPMENT_TEAM = ZN75HV5A8E;
				GENERATE_INFOPLIST_FILE = YES;
				INFOPLIST_FILE = SDKIntegrationTest/Info.plist;
				INFOPLIST_KEY_UIApplicationSupportsIndirectInputEvents = YES;
				INFOPLIST_KEY_UILaunchStoryboardName = LaunchScreen;
				INFOPLIST_KEY_UIMainStoryboardFile = Main;
				INFOPLIST_KEY_UISupportedInterfaceOrientations_iPad = "UIInterfaceOrientationPortrait UIInterfaceOrientationPortraitUpsideDown UIInterfaceOrientationLandscapeLeft UIInterfaceOrientationLandscapeRight";
				INFOPLIST_KEY_UISupportedInterfaceOrientations_iPhone = "UIInterfaceOrientationPortrait UIInterfaceOrientationLandscapeLeft UIInterfaceOrientationLandscapeRight";
				LD_RUNPATH_SEARCH_PATHS = (
					"$(inherited)",
					"@executable_path/Frameworks",
				);
				MARKETING_VERSION = 1.0;
				PRODUCT_BUNDLE_IDENTIFIER = com.sg.R79A.mukul;
				PRODUCT_NAME = "$(TARGET_NAME)";
				SWIFT_EMIT_LOC_STRINGS = YES;
				SWIFT_VERSION = 5.0;
				TARGETED_DEVICE_FAMILY = "1,2";
			};
			name = Release;
		};
		1C0BBEA72858EA96004C805B /* Debug */ = {
			isa = XCBuildConfiguration;
			baseConfigurationReference = 7D663A472B720CB974F045DC /* Pods-SDKIntegrationTestTests.debug.xcconfig */;
			buildSettings = {
				ALWAYS_EMBED_SWIFT_STANDARD_LIBRARIES = YES;
				BUNDLE_LOADER = "$(TEST_HOST)";
				CODE_SIGN_STYLE = Automatic;
				CURRENT_PROJECT_VERSION = 1;
				DEVELOPMENT_TEAM = 6NLB5E3UG3;
				GENERATE_INFOPLIST_FILE = YES;
				IPHONEOS_DEPLOYMENT_TARGET = 15.4;
				MARKETING_VERSION = 1.0;
				PRODUCT_BUNDLE_IDENTIFIER = com.mcp.SDKIntegrationTestTests;
				PRODUCT_NAME = "$(TARGET_NAME)";
				SWIFT_EMIT_LOC_STRINGS = NO;
				SWIFT_VERSION = 5.0;
				TARGETED_DEVICE_FAMILY = "1,2";
				TEST_HOST = "$(BUILT_PRODUCTS_DIR)/SDKIntegrationTest.app/SDKIntegrationTest";
			};
			name = Debug;
		};
		1C0BBEA82858EA96004C805B /* Release */ = {
			isa = XCBuildConfiguration;
			baseConfigurationReference = 647E8289B364BE4E68A05243 /* Pods-SDKIntegrationTestTests.release.xcconfig */;
			buildSettings = {
				ALWAYS_EMBED_SWIFT_STANDARD_LIBRARIES = YES;
				BUNDLE_LOADER = "$(TEST_HOST)";
				CODE_SIGN_STYLE = Automatic;
				CURRENT_PROJECT_VERSION = 1;
				DEVELOPMENT_TEAM = 6NLB5E3UG3;
				GENERATE_INFOPLIST_FILE = YES;
				IPHONEOS_DEPLOYMENT_TARGET = 15.4;
				MARKETING_VERSION = 1.0;
				PRODUCT_BUNDLE_IDENTIFIER = com.mcp.SDKIntegrationTestTests;
				PRODUCT_NAME = "$(TARGET_NAME)";
				SWIFT_EMIT_LOC_STRINGS = NO;
				SWIFT_VERSION = 5.0;
				TARGETED_DEVICE_FAMILY = "1,2";
				TEST_HOST = "$(BUILT_PRODUCTS_DIR)/SDKIntegrationTest.app/SDKIntegrationTest";
			};
			name = Release;
		};
		1C0BBEAA2858EA96004C805B /* Debug */ = {
			isa = XCBuildConfiguration;
			baseConfigurationReference = 3D0BD42F8FB5D6D24BBC85E3 /* Pods-SDKIntegrationTest-SDKIntegrationTestUITests.debug.xcconfig */;
			buildSettings = {
				ALWAYS_EMBED_SWIFT_STANDARD_LIBRARIES = YES;
				CODE_SIGN_STYLE = Automatic;
				CURRENT_PROJECT_VERSION = 1;
				DEVELOPMENT_TEAM = 6NLB5E3UG3;
				GENERATE_INFOPLIST_FILE = YES;
				MARKETING_VERSION = 1.0;
				PRODUCT_BUNDLE_IDENTIFIER = com.mcp.SDKIntegrationTestUITests;
				PRODUCT_NAME = "$(TARGET_NAME)";
				SWIFT_EMIT_LOC_STRINGS = NO;
				SWIFT_VERSION = 5.0;
				TARGETED_DEVICE_FAMILY = "1,2";
				TEST_TARGET_NAME = SDKIntegrationTest;
			};
			name = Debug;
		};
		1C0BBEAB2858EA96004C805B /* Release */ = {
			isa = XCBuildConfiguration;
			baseConfigurationReference = 9089CF96E540CABE563EE924 /* Pods-SDKIntegrationTest-SDKIntegrationTestUITests.release.xcconfig */;
			buildSettings = {
				ALWAYS_EMBED_SWIFT_STANDARD_LIBRARIES = YES;
				CODE_SIGN_STYLE = Automatic;
				CURRENT_PROJECT_VERSION = 1;
				DEVELOPMENT_TEAM = 6NLB5E3UG3;
				GENERATE_INFOPLIST_FILE = YES;
				MARKETING_VERSION = 1.0;
				PRODUCT_BUNDLE_IDENTIFIER = com.mcp.SDKIntegrationTestUITests;
				PRODUCT_NAME = "$(TARGET_NAME)";
				SWIFT_EMIT_LOC_STRINGS = NO;
				SWIFT_VERSION = 5.0;
				TARGETED_DEVICE_FAMILY = "1,2";
				TEST_TARGET_NAME = SDKIntegrationTest;
			};
			name = Release;
		};
/* End XCBuildConfiguration section */

/* Begin XCConfigurationList section */
		1C0BBE712858EA93004C805B /* Build configuration list for PBXProject "SDKIntegrationTest" */ = {
			isa = XCConfigurationList;
			buildConfigurations = (
				1C0BBEA12858EA96004C805B /* Debug */,
				1C0BBEA22858EA96004C805B /* Release */,
			);
			defaultConfigurationIsVisible = 0;
			defaultConfigurationName = Release;
		};
		1C0BBEA32858EA96004C805B /* Build configuration list for PBXNativeTarget "SDKIntegrationTest" */ = {
			isa = XCConfigurationList;
			buildConfigurations = (
				1C0BBEA42858EA96004C805B /* Debug */,
				1C0BBEA52858EA96004C805B /* Release */,
			);
			defaultConfigurationIsVisible = 0;
			defaultConfigurationName = Release;
		};
		1C0BBEA62858EA96004C805B /* Build configuration list for PBXNativeTarget "SDKIntegrationTestTests" */ = {
			isa = XCConfigurationList;
			buildConfigurations = (
				1C0BBEA72858EA96004C805B /* Debug */,
				1C0BBEA82858EA96004C805B /* Release */,
			);
			defaultConfigurationIsVisible = 0;
			defaultConfigurationName = Release;
		};
		1C0BBEA92858EA96004C805B /* Build configuration list for PBXNativeTarget "SDKIntegrationTestUITests" */ = {
			isa = XCConfigurationList;
			buildConfigurations = (
				1C0BBEAA2858EA96004C805B /* Debug */,
				1C0BBEAB2858EA96004C805B /* Release */,
			);
			defaultConfigurationIsVisible = 0;
			defaultConfigurationName = Release;
		};
/* End XCConfigurationList section */

/* Begin XCVersionGroup section */
		1C0BBE822858EA93004C805B /* SDKIntegrationTest.xcdatamodeld */ = {
			isa = XCVersionGroup;
			children = (
				1C0BBE832858EA93004C805B /* SDKIntegrationTest.xcdatamodel */,
			);
			currentVersion = 1C0BBE832858EA93004C805B /* SDKIntegrationTest.xcdatamodel */;
			path = SDKIntegrationTest.xcdatamodeld;
			sourceTree = "<group>";
			versionGroupType = wrapper.xcdatamodel;
		};
/* End XCVersionGroup section */
	};
	rootObject = 1C0BBE6E2858EA93004C805B /* Project object */;
}
